// !$*UTF8*$!
{
	archiveVersion = 1;
	classes = {
	};
	objectVersion = 56;
	objects = {

/* Begin PBXBuildFile section */
		0D15665C2A2EDA7E009A5927 /* AppDelegate.swift in Sources */ = {isa = PBXBuildFile; fileRef = 0D15665B2A2EDA7E009A5927 /* AppDelegate.swift */; };
		0D15665E2A2EDA7E009A5927 /* SceneDelegate.swift in Sources */ = {isa = PBXBuildFile; fileRef = 0D15665D2A2EDA7E009A5927 /* SceneDelegate.swift */; };
		0D1566602A2EDA7E009A5927 /* WeatherViewController.swift in Sources */ = {isa = PBXBuildFile; fileRef = 0D15665F2A2EDA7E009A5927 /* WeatherViewController.swift */; };
		0D1566652A2EDA7F009A5927 /* Assets.xcassets in Resources */ = {isa = PBXBuildFile; fileRef = 0D1566642A2EDA7F009A5927 /* Assets.xcassets */; };
		0D1566682A2EDA7F009A5927 /* LaunchScreen.storyboard in Resources */ = {isa = PBXBuildFile; fileRef = 0D1566662A2EDA7F009A5927 /* LaunchScreen.storyboard */; };
		0D1566732A2EDA7F009A5927 /* iosTraining_ReeenTests.swift in Sources */ = {isa = PBXBuildFile; fileRef = 0D1566722A2EDA7F009A5927 /* iosTraining_ReeenTests.swift */; };
		0D15667D2A2EDA7F009A5927 /* iosTraining_ReeenUITests.swift in Sources */ = {isa = PBXBuildFile; fileRef = 0D15667C2A2EDA7F009A5927 /* iosTraining_ReeenUITests.swift */; };
		0D15667F2A2EDA7F009A5927 /* iosTraining_ReeenUITestsLaunchTests.swift in Sources */ = {isa = PBXBuildFile; fileRef = 0D15667E2A2EDA7F009A5927 /* iosTraining_ReeenUITestsLaunchTests.swift */; };
		0D15668D2A2EF99D009A5927 /* YumemiWeather in Frameworks */ = {isa = PBXBuildFile; productRef = 0D15668C2A2EF99D009A5927 /* YumemiWeather */; };
		0D1566902A2EFC47009A5927 /* SnapKit in Frameworks */ = {isa = PBXBuildFile; productRef = 0D15668F2A2EFC47009A5927 /* SnapKit */; };
		0D1566922A2F1622009A5927 /* APICaller.swift in Sources */ = {isa = PBXBuildFile; fileRef = 0D1566912A2F1622009A5927 /* APICaller.swift */; };
		0D15669B2A2F26FF009A5927 /* WeatherCondition.swift in Sources */ = {isa = PBXBuildFile; fileRef = 0D15669A2A2F26FF009A5927 /* WeatherCondition.swift */; };
		0D1F321C2A332399007C298B /* ModalHolderViewController.swift in Sources */ = {isa = PBXBuildFile; fileRef = 0D1F321B2A332399007C298B /* ModalHolderViewController.swift */; };
		0D976FE22A3C40BB006F7A9D /* WeatherError.swift in Sources */ = {isa = PBXBuildFile; fileRef = 0D976FE12A3C40BB006F7A9D /* WeatherError.swift */; };
		0D976FE02A3C2476006F7A9D /* WeatherData.swift in Sources */ = {isa = PBXBuildFile; fileRef = 0D976FDF2A3C2476006F7A9D /* WeatherData.swift */; };
/* End PBXBuildFile section */

/* Begin PBXContainerItemProxy section */
		0D15666F2A2EDA7F009A5927 /* PBXContainerItemProxy */ = {
			isa = PBXContainerItemProxy;
			containerPortal = 0D1566502A2EDA7E009A5927 /* Project object */;
			proxyType = 1;
			remoteGlobalIDString = 0D1566572A2EDA7E009A5927;
			remoteInfo = "iosTraining-Reeen";
		};
		0D1566792A2EDA7F009A5927 /* PBXContainerItemProxy */ = {
			isa = PBXContainerItemProxy;
			containerPortal = 0D1566502A2EDA7E009A5927 /* Project object */;
			proxyType = 1;
			remoteGlobalIDString = 0D1566572A2EDA7E009A5927;
			remoteInfo = "iosTraining-Reeen";
		};
/* End PBXContainerItemProxy section */

/* Begin PBXFileReference section */
		0D1566582A2EDA7E009A5927 /* iosTraining-Reeen.app */ = {isa = PBXFileReference; explicitFileType = wrapper.application; includeInIndex = 0; path = "iosTraining-Reeen.app"; sourceTree = BUILT_PRODUCTS_DIR; };
		0D15665B2A2EDA7E009A5927 /* AppDelegate.swift */ = {isa = PBXFileReference; lastKnownFileType = sourcecode.swift; path = AppDelegate.swift; sourceTree = "<group>"; };
		0D15665D2A2EDA7E009A5927 /* SceneDelegate.swift */ = {isa = PBXFileReference; lastKnownFileType = sourcecode.swift; path = SceneDelegate.swift; sourceTree = "<group>"; };
		0D15665F2A2EDA7E009A5927 /* WeatherViewController.swift */ = {isa = PBXFileReference; lastKnownFileType = sourcecode.swift; path = WeatherViewController.swift; sourceTree = "<group>"; };
		0D1566642A2EDA7F009A5927 /* Assets.xcassets */ = {isa = PBXFileReference; lastKnownFileType = folder.assetcatalog; path = Assets.xcassets; sourceTree = "<group>"; };
		0D1566672A2EDA7F009A5927 /* Base */ = {isa = PBXFileReference; lastKnownFileType = file.storyboard; name = Base; path = Base.lproj/LaunchScreen.storyboard; sourceTree = "<group>"; };
		0D1566692A2EDA7F009A5927 /* Info.plist */ = {isa = PBXFileReference; lastKnownFileType = text.plist.xml; path = Info.plist; sourceTree = "<group>"; };
		0D15666E2A2EDA7F009A5927 /* iosTraining-ReeenTests.xctest */ = {isa = PBXFileReference; explicitFileType = wrapper.cfbundle; includeInIndex = 0; path = "iosTraining-ReeenTests.xctest"; sourceTree = BUILT_PRODUCTS_DIR; };
		0D1566722A2EDA7F009A5927 /* iosTraining_ReeenTests.swift */ = {isa = PBXFileReference; lastKnownFileType = sourcecode.swift; path = iosTraining_ReeenTests.swift; sourceTree = "<group>"; };
		0D1566782A2EDA7F009A5927 /* iosTraining-ReeenUITests.xctest */ = {isa = PBXFileReference; explicitFileType = wrapper.cfbundle; includeInIndex = 0; path = "iosTraining-ReeenUITests.xctest"; sourceTree = BUILT_PRODUCTS_DIR; };
		0D15667C2A2EDA7F009A5927 /* iosTraining_ReeenUITests.swift */ = {isa = PBXFileReference; lastKnownFileType = sourcecode.swift; path = iosTraining_ReeenUITests.swift; sourceTree = "<group>"; };
		0D15667E2A2EDA7F009A5927 /* iosTraining_ReeenUITestsLaunchTests.swift */ = {isa = PBXFileReference; lastKnownFileType = sourcecode.swift; path = iosTraining_ReeenUITestsLaunchTests.swift; sourceTree = "<group>"; };
		0D1566912A2F1622009A5927 /* APICaller.swift */ = {isa = PBXFileReference; lastKnownFileType = sourcecode.swift; path = APICaller.swift; sourceTree = "<group>"; };
		0D15669A2A2F26FF009A5927 /* WeatherCondition.swift */ = {isa = PBXFileReference; lastKnownFileType = sourcecode.swift; path = WeatherCondition.swift; sourceTree = "<group>"; };
		0D1F321B2A332399007C298B /* ModalHolderViewController.swift */ = {isa = PBXFileReference; lastKnownFileType = sourcecode.swift; path = ModalHolderViewController.swift; sourceTree = "<group>"; };
		0D976FE12A3C40BB006F7A9D /* WeatherError.swift */ = {isa = PBXFileReference; lastKnownFileType = sourcecode.swift; path = WeatherError.swift; sourceTree = "<group>"; };
		0D976FDF2A3C2476006F7A9D /* WeatherData.swift */ = {isa = PBXFileReference; lastKnownFileType = sourcecode.swift; path = WeatherData.swift; sourceTree = "<group>"; };
/* End PBXFileReference section */

/* Begin PBXFrameworksBuildPhase section */
		0D1566552A2EDA7E009A5927 /* Frameworks */ = {
			isa = PBXFrameworksBuildPhase;
			buildActionMask = 2147483647;
			files = (
				0D15668D2A2EF99D009A5927 /* YumemiWeather in Frameworks */,
				0D1566902A2EFC47009A5927 /* SnapKit in Frameworks */,
			);
			runOnlyForDeploymentPostprocessing = 0;
		};
		0D15666B2A2EDA7F009A5927 /* Frameworks */ = {
			isa = PBXFrameworksBuildPhase;
			buildActionMask = 2147483647;
			files = (
			);
			runOnlyForDeploymentPostprocessing = 0;
		};
		0D1566752A2EDA7F009A5927 /* Frameworks */ = {
			isa = PBXFrameworksBuildPhase;
			buildActionMask = 2147483647;
			files = (
			);
			runOnlyForDeploymentPostprocessing = 0;
		};
/* End PBXFrameworksBuildPhase section */

/* Begin PBXGroup section */
		0D15664F2A2EDA7E009A5927 = {
			isa = PBXGroup;
			children = (
				0D15665A2A2EDA7E009A5927 /* iosTraining-Reeen */,
				0D1566712A2EDA7F009A5927 /* iosTraining-ReeenTests */,
				0D15667B2A2EDA7F009A5927 /* iosTraining-ReeenUITests */,
				0D1566592A2EDA7E009A5927 /* Products */,
			);
			sourceTree = "<group>";
		};
		0D1566592A2EDA7E009A5927 /* Products */ = {
			isa = PBXGroup;
			children = (
				0D1566582A2EDA7E009A5927 /* iosTraining-Reeen.app */,
				0D15666E2A2EDA7F009A5927 /* iosTraining-ReeenTests.xctest */,
				0D1566782A2EDA7F009A5927 /* iosTraining-ReeenUITests.xctest */,
			);
			name = Products;
			sourceTree = "<group>";
		};
		0D15665A2A2EDA7E009A5927 /* iosTraining-Reeen */ = {
			isa = PBXGroup;
			children = (
				0D15665B2A2EDA7E009A5927 /* AppDelegate.swift */,
				0D15665D2A2EDA7E009A5927 /* SceneDelegate.swift */,
				0D1566912A2F1622009A5927 /* APICaller.swift */,
<<<<<<< HEAD
				0D976FE12A3C40BB006F7A9D /* WeatherError.swift */,
=======
				0D976FDF2A3C2476006F7A9D /* WeatherData.swift */,
>>>>>>> 1812fcf (feat: convertFromSnakeCaseの適用)
				0D1F321B2A332399007C298B /* ModalHolderViewController.swift */,
				0D15665F2A2EDA7E009A5927 /* WeatherViewController.swift */,
				0D15669A2A2F26FF009A5927 /* WeatherCondition.swift */,
				0D1566642A2EDA7F009A5927 /* Assets.xcassets */,
				0D1566662A2EDA7F009A5927 /* LaunchScreen.storyboard */,
				0D1566692A2EDA7F009A5927 /* Info.plist */,
			);
			path = "iosTraining-Reeen";
			sourceTree = "<group>";
		};
		0D1566712A2EDA7F009A5927 /* iosTraining-ReeenTests */ = {
			isa = PBXGroup;
			children = (
				0D1566722A2EDA7F009A5927 /* iosTraining_ReeenTests.swift */,
			);
			path = "iosTraining-ReeenTests";
			sourceTree = "<group>";
		};
		0D15667B2A2EDA7F009A5927 /* iosTraining-ReeenUITests */ = {
			isa = PBXGroup;
			children = (
				0D15667C2A2EDA7F009A5927 /* iosTraining_ReeenUITests.swift */,
				0D15667E2A2EDA7F009A5927 /* iosTraining_ReeenUITestsLaunchTests.swift */,
			);
			path = "iosTraining-ReeenUITests";
			sourceTree = "<group>";
		};
/* End PBXGroup section */

/* Begin PBXNativeTarget section */
		0D1566572A2EDA7E009A5927 /* iosTraining-Reeen */ = {
			isa = PBXNativeTarget;
			buildConfigurationList = 0D1566822A2EDA7F009A5927 /* Build configuration list for PBXNativeTarget "iosTraining-Reeen" */;
			buildPhases = (
				0D1566542A2EDA7E009A5927 /* Sources */,
				0D1566552A2EDA7E009A5927 /* Frameworks */,
				0D1566562A2EDA7E009A5927 /* Resources */,
			);
			buildRules = (
			);
			dependencies = (
			);
			name = "iosTraining-Reeen";
			packageProductDependencies = (
				0D15668C2A2EF99D009A5927 /* YumemiWeather */,
				0D15668F2A2EFC47009A5927 /* SnapKit */,
			);
			productName = "iosTraining-Reeen";
			productReference = 0D1566582A2EDA7E009A5927 /* iosTraining-Reeen.app */;
			productType = "com.apple.product-type.application";
		};
		0D15666D2A2EDA7F009A5927 /* iosTraining-ReeenTests */ = {
			isa = PBXNativeTarget;
			buildConfigurationList = 0D1566852A2EDA7F009A5927 /* Build configuration list for PBXNativeTarget "iosTraining-ReeenTests" */;
			buildPhases = (
				0D15666A2A2EDA7F009A5927 /* Sources */,
				0D15666B2A2EDA7F009A5927 /* Frameworks */,
				0D15666C2A2EDA7F009A5927 /* Resources */,
			);
			buildRules = (
			);
			dependencies = (
				0D1566702A2EDA7F009A5927 /* PBXTargetDependency */,
			);
			name = "iosTraining-ReeenTests";
			productName = "iosTraining-ReeenTests";
			productReference = 0D15666E2A2EDA7F009A5927 /* iosTraining-ReeenTests.xctest */;
			productType = "com.apple.product-type.bundle.unit-test";
		};
		0D1566772A2EDA7F009A5927 /* iosTraining-ReeenUITests */ = {
			isa = PBXNativeTarget;
			buildConfigurationList = 0D1566882A2EDA7F009A5927 /* Build configuration list for PBXNativeTarget "iosTraining-ReeenUITests" */;
			buildPhases = (
				0D1566742A2EDA7F009A5927 /* Sources */,
				0D1566752A2EDA7F009A5927 /* Frameworks */,
				0D1566762A2EDA7F009A5927 /* Resources */,
			);
			buildRules = (
			);
			dependencies = (
				0D15667A2A2EDA7F009A5927 /* PBXTargetDependency */,
			);
			name = "iosTraining-ReeenUITests";
			productName = "iosTraining-ReeenUITests";
			productReference = 0D1566782A2EDA7F009A5927 /* iosTraining-ReeenUITests.xctest */;
			productType = "com.apple.product-type.bundle.ui-testing";
		};
/* End PBXNativeTarget section */

/* Begin PBXProject section */
		0D1566502A2EDA7E009A5927 /* Project object */ = {
			isa = PBXProject;
			attributes = {
				BuildIndependentTargetsInParallel = 1;
				LastSwiftUpdateCheck = 1430;
				LastUpgradeCheck = 1500;
				TargetAttributes = {
					0D1566572A2EDA7E009A5927 = {
						CreatedOnToolsVersion = 14.3;
					};
					0D15666D2A2EDA7F009A5927 = {
						CreatedOnToolsVersion = 14.3;
						TestTargetID = 0D1566572A2EDA7E009A5927;
					};
					0D1566772A2EDA7F009A5927 = {
						CreatedOnToolsVersion = 14.3;
						TestTargetID = 0D1566572A2EDA7E009A5927;
					};
				};
			};
			buildConfigurationList = 0D1566532A2EDA7E009A5927 /* Build configuration list for PBXProject "iosTraining-Reeen" */;
			compatibilityVersion = "Xcode 14.0";
			developmentRegion = en;
			hasScannedForEncodings = 0;
			knownRegions = (
				en,
				Base,
			);
			mainGroup = 0D15664F2A2EDA7E009A5927;
			packageReferences = (
				0D15668B2A2EF99D009A5927 /* XCRemoteSwiftPackageReference "ios-training" */,
				0D15668E2A2EFC47009A5927 /* XCRemoteSwiftPackageReference "SnapKit" */,
			);
			productRefGroup = 0D1566592A2EDA7E009A5927 /* Products */;
			projectDirPath = "";
			projectRoot = "";
			targets = (
				0D1566572A2EDA7E009A5927 /* iosTraining-Reeen */,
				0D15666D2A2EDA7F009A5927 /* iosTraining-ReeenTests */,
				0D1566772A2EDA7F009A5927 /* iosTraining-ReeenUITests */,
			);
		};
/* End PBXProject section */

/* Begin PBXResourcesBuildPhase section */
		0D1566562A2EDA7E009A5927 /* Resources */ = {
			isa = PBXResourcesBuildPhase;
			buildActionMask = 2147483647;
			files = (
				0D1566682A2EDA7F009A5927 /* LaunchScreen.storyboard in Resources */,
				0D1566652A2EDA7F009A5927 /* Assets.xcassets in Resources */,
			);
			runOnlyForDeploymentPostprocessing = 0;
		};
		0D15666C2A2EDA7F009A5927 /* Resources */ = {
			isa = PBXResourcesBuildPhase;
			buildActionMask = 2147483647;
			files = (
			);
			runOnlyForDeploymentPostprocessing = 0;
		};
		0D1566762A2EDA7F009A5927 /* Resources */ = {
			isa = PBXResourcesBuildPhase;
			buildActionMask = 2147483647;
			files = (
			);
			runOnlyForDeploymentPostprocessing = 0;
		};
/* End PBXResourcesBuildPhase section */

/* Begin PBXSourcesBuildPhase section */
		0D1566542A2EDA7E009A5927 /* Sources */ = {
			isa = PBXSourcesBuildPhase;
			buildActionMask = 2147483647;
			files = (
				0D1566602A2EDA7E009A5927 /* WeatherViewController.swift in Sources */,
				0D15665C2A2EDA7E009A5927 /* AppDelegate.swift in Sources */,
				0D976FE02A3C2476006F7A9D /* WeatherData.swift in Sources */,
				0D15665E2A2EDA7E009A5927 /* SceneDelegate.swift in Sources */,
				0D1566922A2F1622009A5927 /* APICaller.swift in Sources */,
				0D1F321C2A332399007C298B /* ModalHolderViewController.swift in Sources */,
				0D15669B2A2F26FF009A5927 /* WeatherCondition.swift in Sources */,
				0D976FE22A3C40BB006F7A9D /* WeatherError.swift in Sources */,
			);
			runOnlyForDeploymentPostprocessing = 0;
		};
		0D15666A2A2EDA7F009A5927 /* Sources */ = {
			isa = PBXSourcesBuildPhase;
			buildActionMask = 2147483647;
			files = (
				0D1566732A2EDA7F009A5927 /* iosTraining_ReeenTests.swift in Sources */,
			);
			runOnlyForDeploymentPostprocessing = 0;
		};
		0D1566742A2EDA7F009A5927 /* Sources */ = {
			isa = PBXSourcesBuildPhase;
			buildActionMask = 2147483647;
			files = (
				0D15667F2A2EDA7F009A5927 /* iosTraining_ReeenUITestsLaunchTests.swift in Sources */,
				0D15667D2A2EDA7F009A5927 /* iosTraining_ReeenUITests.swift in Sources */,
			);
			runOnlyForDeploymentPostprocessing = 0;
		};
/* End PBXSourcesBuildPhase section */

/* Begin PBXTargetDependency section */
		0D1566702A2EDA7F009A5927 /* PBXTargetDependency */ = {
			isa = PBXTargetDependency;
			target = 0D1566572A2EDA7E009A5927 /* iosTraining-Reeen */;
			targetProxy = 0D15666F2A2EDA7F009A5927 /* PBXContainerItemProxy */;
		};
		0D15667A2A2EDA7F009A5927 /* PBXTargetDependency */ = {
			isa = PBXTargetDependency;
			target = 0D1566572A2EDA7E009A5927 /* iosTraining-Reeen */;
			targetProxy = 0D1566792A2EDA7F009A5927 /* PBXContainerItemProxy */;
		};
/* End PBXTargetDependency section */

/* Begin PBXVariantGroup section */
		0D1566662A2EDA7F009A5927 /* LaunchScreen.storyboard */ = {
			isa = PBXVariantGroup;
			children = (
				0D1566672A2EDA7F009A5927 /* Base */,
			);
			name = LaunchScreen.storyboard;
			sourceTree = "<group>";
		};
/* End PBXVariantGroup section */

/* Begin XCBuildConfiguration section */
		0D1566802A2EDA7F009A5927 /* Debug */ = {
			isa = XCBuildConfiguration;
			buildSettings = {
				ALWAYS_SEARCH_USER_PATHS = NO;
				CLANG_ANALYZER_NONNULL = YES;
				CLANG_ANALYZER_NUMBER_OBJECT_CONVERSION = YES_AGGRESSIVE;
				CLANG_CXX_LANGUAGE_STANDARD = "gnu++20";
				CLANG_ENABLE_MODULES = YES;
				CLANG_ENABLE_OBJC_ARC = YES;
				CLANG_ENABLE_OBJC_WEAK = YES;
				CLANG_WARN_BLOCK_CAPTURE_AUTORELEASING = YES;
				CLANG_WARN_BOOL_CONVERSION = YES;
				CLANG_WARN_COMMA = YES;
				CLANG_WARN_CONSTANT_CONVERSION = YES;
				CLANG_WARN_DEPRECATED_OBJC_IMPLEMENTATIONS = YES;
				CLANG_WARN_DIRECT_OBJC_ISA_USAGE = YES_ERROR;
				CLANG_WARN_DOCUMENTATION_COMMENTS = YES;
				CLANG_WARN_EMPTY_BODY = YES;
				CLANG_WARN_ENUM_CONVERSION = YES;
				CLANG_WARN_INFINITE_RECURSION = YES;
				CLANG_WARN_INT_CONVERSION = YES;
				CLANG_WARN_NON_LITERAL_NULL_CONVERSION = YES;
				CLANG_WARN_OBJC_IMPLICIT_RETAIN_SELF = YES;
				CLANG_WARN_OBJC_LITERAL_CONVERSION = YES;
				CLANG_WARN_OBJC_ROOT_CLASS = YES_ERROR;
				CLANG_WARN_QUOTED_INCLUDE_IN_FRAMEWORK_HEADER = YES;
				CLANG_WARN_RANGE_LOOP_ANALYSIS = YES;
				CLANG_WARN_STRICT_PROTOTYPES = YES;
				CLANG_WARN_SUSPICIOUS_MOVE = YES;
				CLANG_WARN_UNGUARDED_AVAILABILITY = YES_AGGRESSIVE;
				CLANG_WARN_UNREACHABLE_CODE = YES;
				CLANG_WARN__DUPLICATE_METHOD_MATCH = YES;
				COPY_PHASE_STRIP = NO;
				DEBUG_INFORMATION_FORMAT = dwarf;
				ENABLE_STRICT_OBJC_MSGSEND = YES;
				ENABLE_TESTABILITY = YES;
				ENABLE_USER_SCRIPT_SANDBOXING = YES;
				GCC_C_LANGUAGE_STANDARD = gnu11;
				GCC_DYNAMIC_NO_PIC = NO;
				GCC_NO_COMMON_BLOCKS = YES;
				GCC_OPTIMIZATION_LEVEL = 0;
				GCC_PREPROCESSOR_DEFINITIONS = (
					"DEBUG=1",
					"$(inherited)",
				);
				GCC_WARN_64_TO_32_BIT_CONVERSION = YES;
				GCC_WARN_ABOUT_RETURN_TYPE = YES_ERROR;
				GCC_WARN_UNDECLARED_SELECTOR = YES;
				GCC_WARN_UNINITIALIZED_AUTOS = YES_AGGRESSIVE;
				GCC_WARN_UNUSED_FUNCTION = YES;
				GCC_WARN_UNUSED_VARIABLE = YES;
				IPHONEOS_DEPLOYMENT_TARGET = 16.4;
				MTL_ENABLE_DEBUG_INFO = INCLUDE_SOURCE;
				MTL_FAST_MATH = YES;
				ONLY_ACTIVE_ARCH = YES;
				SDKROOT = iphoneos;
				SWIFT_ACTIVE_COMPILATION_CONDITIONS = DEBUG;
				SWIFT_OPTIMIZATION_LEVEL = "-Onone";
			};
			name = Debug;
		};
		0D1566812A2EDA7F009A5927 /* Release */ = {
			isa = XCBuildConfiguration;
			buildSettings = {
				ALWAYS_SEARCH_USER_PATHS = NO;
				CLANG_ANALYZER_NONNULL = YES;
				CLANG_ANALYZER_NUMBER_OBJECT_CONVERSION = YES_AGGRESSIVE;
				CLANG_CXX_LANGUAGE_STANDARD = "gnu++20";
				CLANG_ENABLE_MODULES = YES;
				CLANG_ENABLE_OBJC_ARC = YES;
				CLANG_ENABLE_OBJC_WEAK = YES;
				CLANG_WARN_BLOCK_CAPTURE_AUTORELEASING = YES;
				CLANG_WARN_BOOL_CONVERSION = YES;
				CLANG_WARN_COMMA = YES;
				CLANG_WARN_CONSTANT_CONVERSION = YES;
				CLANG_WARN_DEPRECATED_OBJC_IMPLEMENTATIONS = YES;
				CLANG_WARN_DIRECT_OBJC_ISA_USAGE = YES_ERROR;
				CLANG_WARN_DOCUMENTATION_COMMENTS = YES;
				CLANG_WARN_EMPTY_BODY = YES;
				CLANG_WARN_ENUM_CONVERSION = YES;
				CLANG_WARN_INFINITE_RECURSION = YES;
				CLANG_WARN_INT_CONVERSION = YES;
				CLANG_WARN_NON_LITERAL_NULL_CONVERSION = YES;
				CLANG_WARN_OBJC_IMPLICIT_RETAIN_SELF = YES;
				CLANG_WARN_OBJC_LITERAL_CONVERSION = YES;
				CLANG_WARN_OBJC_ROOT_CLASS = YES_ERROR;
				CLANG_WARN_QUOTED_INCLUDE_IN_FRAMEWORK_HEADER = YES;
				CLANG_WARN_RANGE_LOOP_ANALYSIS = YES;
				CLANG_WARN_STRICT_PROTOTYPES = YES;
				CLANG_WARN_SUSPICIOUS_MOVE = YES;
				CLANG_WARN_UNGUARDED_AVAILABILITY = YES_AGGRESSIVE;
				CLANG_WARN_UNREACHABLE_CODE = YES;
				CLANG_WARN__DUPLICATE_METHOD_MATCH = YES;
				COPY_PHASE_STRIP = NO;
				DEBUG_INFORMATION_FORMAT = "dwarf-with-dsym";
				ENABLE_NS_ASSERTIONS = NO;
				ENABLE_STRICT_OBJC_MSGSEND = YES;
				ENABLE_USER_SCRIPT_SANDBOXING = YES;
				GCC_C_LANGUAGE_STANDARD = gnu11;
				GCC_NO_COMMON_BLOCKS = YES;
				GCC_WARN_64_TO_32_BIT_CONVERSION = YES;
				GCC_WARN_ABOUT_RETURN_TYPE = YES_ERROR;
				GCC_WARN_UNDECLARED_SELECTOR = YES;
				GCC_WARN_UNINITIALIZED_AUTOS = YES_AGGRESSIVE;
				GCC_WARN_UNUSED_FUNCTION = YES;
				GCC_WARN_UNUSED_VARIABLE = YES;
				IPHONEOS_DEPLOYMENT_TARGET = 16.4;
				MTL_ENABLE_DEBUG_INFO = NO;
				MTL_FAST_MATH = YES;
				SDKROOT = iphoneos;
				SWIFT_COMPILATION_MODE = wholemodule;
				SWIFT_OPTIMIZATION_LEVEL = "-O";
				VALIDATE_PRODUCT = YES;
			};
			name = Release;
		};
		0D1566832A2EDA7F009A5927 /* Debug */ = {
			isa = XCBuildConfiguration;
			buildSettings = {
				ASSETCATALOG_COMPILER_APPICON_NAME = AppIcon;
				ASSETCATALOG_COMPILER_GLOBAL_ACCENT_COLOR_NAME = AccentColor;
				CODE_SIGN_STYLE = Automatic;
				CURRENT_PROJECT_VERSION = 1;
				DEVELOPMENT_TEAM = Y5DZ85S2CD;
				GENERATE_INFOPLIST_FILE = YES;
				INFOPLIST_FILE = "iosTraining-Reeen/Info.plist";
				INFOPLIST_KEY_UIApplicationSupportsIndirectInputEvents = YES;
				INFOPLIST_KEY_UILaunchStoryboardName = LaunchScreen;
				INFOPLIST_KEY_UISupportedInterfaceOrientations_iPad = "UIInterfaceOrientationPortrait UIInterfaceOrientationPortraitUpsideDown UIInterfaceOrientationLandscapeLeft UIInterfaceOrientationLandscapeRight";
				INFOPLIST_KEY_UISupportedInterfaceOrientations_iPhone = "UIInterfaceOrientationPortrait UIInterfaceOrientationLandscapeLeft UIInterfaceOrientationLandscapeRight";
				LD_RUNPATH_SEARCH_PATHS = (
					"$(inherited)",
					"@executable_path/Frameworks",
				);
				MARKETING_VERSION = 1.0;
				PRODUCT_BUNDLE_IDENTIFIER = "com.Ren.iosTraining-Reeen";
				PRODUCT_NAME = "$(TARGET_NAME)";
				SWIFT_EMIT_LOC_STRINGS = YES;
				SWIFT_VERSION = 5.0;
				TARGETED_DEVICE_FAMILY = "1,2";
			};
			name = Debug;
		};
		0D1566842A2EDA7F009A5927 /* Release */ = {
			isa = XCBuildConfiguration;
			buildSettings = {
				ASSETCATALOG_COMPILER_APPICON_NAME = AppIcon;
				ASSETCATALOG_COMPILER_GLOBAL_ACCENT_COLOR_NAME = AccentColor;
				CODE_SIGN_STYLE = Automatic;
				CURRENT_PROJECT_VERSION = 1;
				DEVELOPMENT_TEAM = Y5DZ85S2CD;
				GENERATE_INFOPLIST_FILE = YES;
				INFOPLIST_FILE = "iosTraining-Reeen/Info.plist";
				INFOPLIST_KEY_UIApplicationSupportsIndirectInputEvents = YES;
				INFOPLIST_KEY_UILaunchStoryboardName = LaunchScreen;
				INFOPLIST_KEY_UISupportedInterfaceOrientations_iPad = "UIInterfaceOrientationPortrait UIInterfaceOrientationPortraitUpsideDown UIInterfaceOrientationLandscapeLeft UIInterfaceOrientationLandscapeRight";
				INFOPLIST_KEY_UISupportedInterfaceOrientations_iPhone = "UIInterfaceOrientationPortrait UIInterfaceOrientationLandscapeLeft UIInterfaceOrientationLandscapeRight";
				LD_RUNPATH_SEARCH_PATHS = (
					"$(inherited)",
					"@executable_path/Frameworks",
				);
				MARKETING_VERSION = 1.0;
				PRODUCT_BUNDLE_IDENTIFIER = "com.Ren.iosTraining-Reeen";
				PRODUCT_NAME = "$(TARGET_NAME)";
				SWIFT_EMIT_LOC_STRINGS = YES;
				SWIFT_VERSION = 5.0;
				TARGETED_DEVICE_FAMILY = "1,2";
			};
			name = Release;
		};
		0D1566862A2EDA7F009A5927 /* Debug */ = {
			isa = XCBuildConfiguration;
			buildSettings = {
				ALWAYS_EMBED_SWIFT_STANDARD_LIBRARIES = YES;
				BUNDLE_LOADER = "$(TEST_HOST)";
				CODE_SIGN_STYLE = Automatic;
				CURRENT_PROJECT_VERSION = 1;
				DEVELOPMENT_TEAM = Y5DZ85S2CD;
				GENERATE_INFOPLIST_FILE = YES;
				IPHONEOS_DEPLOYMENT_TARGET = 16.4;
				MARKETING_VERSION = 1.0;
				PRODUCT_BUNDLE_IDENTIFIER = "com.Ren.iosTraining-ReeenTests";
				PRODUCT_NAME = "$(TARGET_NAME)";
				SWIFT_EMIT_LOC_STRINGS = NO;
				SWIFT_VERSION = 5.0;
				TARGETED_DEVICE_FAMILY = "1,2";
				TEST_HOST = "$(BUILT_PRODUCTS_DIR)/iosTraining-Reeen.app/$(BUNDLE_EXECUTABLE_FOLDER_PATH)/iosTraining-Reeen";
			};
			name = Debug;
		};
		0D1566872A2EDA7F009A5927 /* Release */ = {
			isa = XCBuildConfiguration;
			buildSettings = {
				ALWAYS_EMBED_SWIFT_STANDARD_LIBRARIES = YES;
				BUNDLE_LOADER = "$(TEST_HOST)";
				CODE_SIGN_STYLE = Automatic;
				CURRENT_PROJECT_VERSION = 1;
				DEVELOPMENT_TEAM = Y5DZ85S2CD;
				GENERATE_INFOPLIST_FILE = YES;
				IPHONEOS_DEPLOYMENT_TARGET = 16.4;
				MARKETING_VERSION = 1.0;
				PRODUCT_BUNDLE_IDENTIFIER = "com.Ren.iosTraining-ReeenTests";
				PRODUCT_NAME = "$(TARGET_NAME)";
				SWIFT_EMIT_LOC_STRINGS = NO;
				SWIFT_VERSION = 5.0;
				TARGETED_DEVICE_FAMILY = "1,2";
				TEST_HOST = "$(BUILT_PRODUCTS_DIR)/iosTraining-Reeen.app/$(BUNDLE_EXECUTABLE_FOLDER_PATH)/iosTraining-Reeen";
			};
			name = Release;
		};
		0D1566892A2EDA7F009A5927 /* Debug */ = {
			isa = XCBuildConfiguration;
			buildSettings = {
				ALWAYS_EMBED_SWIFT_STANDARD_LIBRARIES = YES;
				CODE_SIGN_STYLE = Automatic;
				CURRENT_PROJECT_VERSION = 1;
				DEVELOPMENT_TEAM = Y5DZ85S2CD;
				GENERATE_INFOPLIST_FILE = YES;
				MARKETING_VERSION = 1.0;
				PRODUCT_BUNDLE_IDENTIFIER = "com.Ren.iosTraining-ReeenUITests";
				PRODUCT_NAME = "$(TARGET_NAME)";
				SWIFT_EMIT_LOC_STRINGS = NO;
				SWIFT_VERSION = 5.0;
				TARGETED_DEVICE_FAMILY = "1,2";
				TEST_TARGET_NAME = "iosTraining-Reeen";
			};
			name = Debug;
		};
		0D15668A2A2EDA7F009A5927 /* Release */ = {
			isa = XCBuildConfiguration;
			buildSettings = {
				ALWAYS_EMBED_SWIFT_STANDARD_LIBRARIES = YES;
				CODE_SIGN_STYLE = Automatic;
				CURRENT_PROJECT_VERSION = 1;
				DEVELOPMENT_TEAM = Y5DZ85S2CD;
				GENERATE_INFOPLIST_FILE = YES;
				MARKETING_VERSION = 1.0;
				PRODUCT_BUNDLE_IDENTIFIER = "com.Ren.iosTraining-ReeenUITests";
				PRODUCT_NAME = "$(TARGET_NAME)";
				SWIFT_EMIT_LOC_STRINGS = NO;
				SWIFT_VERSION = 5.0;
				TARGETED_DEVICE_FAMILY = "1,2";
				TEST_TARGET_NAME = "iosTraining-Reeen";
			};
			name = Release;
		};
/* End XCBuildConfiguration section */

/* Begin XCConfigurationList section */
		0D1566532A2EDA7E009A5927 /* Build configuration list for PBXProject "iosTraining-Reeen" */ = {
			isa = XCConfigurationList;
			buildConfigurations = (
				0D1566802A2EDA7F009A5927 /* Debug */,
				0D1566812A2EDA7F009A5927 /* Release */,
			);
			defaultConfigurationIsVisible = 0;
			defaultConfigurationName = Release;
		};
		0D1566822A2EDA7F009A5927 /* Build configuration list for PBXNativeTarget "iosTraining-Reeen" */ = {
			isa = XCConfigurationList;
			buildConfigurations = (
				0D1566832A2EDA7F009A5927 /* Debug */,
				0D1566842A2EDA7F009A5927 /* Release */,
			);
			defaultConfigurationIsVisible = 0;
			defaultConfigurationName = Release;
		};
		0D1566852A2EDA7F009A5927 /* Build configuration list for PBXNativeTarget "iosTraining-ReeenTests" */ = {
			isa = XCConfigurationList;
			buildConfigurations = (
				0D1566862A2EDA7F009A5927 /* Debug */,
				0D1566872A2EDA7F009A5927 /* Release */,
			);
			defaultConfigurationIsVisible = 0;
			defaultConfigurationName = Release;
		};
		0D1566882A2EDA7F009A5927 /* Build configuration list for PBXNativeTarget "iosTraining-ReeenUITests" */ = {
			isa = XCConfigurationList;
			buildConfigurations = (
				0D1566892A2EDA7F009A5927 /* Debug */,
				0D15668A2A2EDA7F009A5927 /* Release */,
			);
			defaultConfigurationIsVisible = 0;
			defaultConfigurationName = Release;
		};
/* End XCConfigurationList section */

/* Begin XCRemoteSwiftPackageReference section */
		0D15668B2A2EF99D009A5927 /* XCRemoteSwiftPackageReference "ios-training" */ = {
			isa = XCRemoteSwiftPackageReference;
			repositoryURL = "https://github.com/yumemi-inc/ios-training.git";
			requirement = {
				branch = main;
				kind = branch;
			};
		};
		0D15668E2A2EFC47009A5927 /* XCRemoteSwiftPackageReference "SnapKit" */ = {
			isa = XCRemoteSwiftPackageReference;
			repositoryURL = "https://github.com/SnapKit/SnapKit";
			requirement = {
				kind = upToNextMajorVersion;
				minimumVersion = 5.0.0;
			};
		};
/* End XCRemoteSwiftPackageReference section */

/* Begin XCSwiftPackageProductDependency section */
		0D15668C2A2EF99D009A5927 /* YumemiWeather */ = {
			isa = XCSwiftPackageProductDependency;
			package = 0D15668B2A2EF99D009A5927 /* XCRemoteSwiftPackageReference "ios-training" */;
			productName = YumemiWeather;
		};
		0D15668F2A2EFC47009A5927 /* SnapKit */ = {
			isa = XCSwiftPackageProductDependency;
			package = 0D15668E2A2EFC47009A5927 /* XCRemoteSwiftPackageReference "SnapKit" */;
			productName = SnapKit;
		};
/* End XCSwiftPackageProductDependency section */
	};
	rootObject = 0D1566502A2EDA7E009A5927 /* Project object */;
}
