{
  "pins" : [
    {
      "identity" : "ios-training",
      "kind" : "remoteSourceControl",
      "location" : "https://github.com/yumemi-inc/ios-training.git",
      "state" : {
        "branch" : "main",
        "revision" : "fa50384b87be884346f31b58a6cf02e58b63d595"
      }
    },
    {
      "identity" : "snapkit",
      "kind" : "remoteSourceControl",
      "location" : "https://github.com/SnapKit/SnapKit",
      "state" : {
        "revision" : "f222cbdf325885926566172f6f5f06af95473158",
        "version" : "5.6.0"
      }
    }
  ],
  "version" : 2
}
