{
  "pins" : [
    {
      "identity" : "ios-training",
      "kind" : "remoteSourceControl",
      "location" : "https://github.com/yumemi-inc/ios-training.git",
      "state" : {
        "branch" : "main",
        "revision" : "fa50384b87be884346f31b58a6cf02e58b63d595"
      }
    }
  ],
  "version" : 2
}
